Microsoft Visual Studio Solution File, Format Version 12.00
# Visual Studio Version 16
VisualStudioVersion = 16.0.29201.188
MinimumVisualStudioVersion = 10.0.40219.1
Project("{FAE04EC0-301F-11D3-BF4B-00C04F79EFBC}") = "RT.Util", "RT.Util\RT.Util.csproj", "{8D0FE79C-AD8D-475C-9E6F-9CAE85365B5D}"
EndProject
Project("{FAE04EC0-301F-11D3-BF4B-00C04F79EFBC}") = "RT.Util.Tests", "RT.Util\RT.Util.Tests.csproj", "{98AF4286-D1A7-4753-B405-24DB585D713C}"
EndProject
Project("{FAE04EC0-301F-11D3-BF4B-00C04F79EFBC}") = "RT.NUnitDirect", "..\RT.NUnitDirect\Src\RT.NUnitDirect.csproj", "{275ECB9D-F75E-45F8-BB34-AD122589D2CC}"
EndProject
Project("{9A19103F-16F7-4668-BE54-9A1E7A4F7556}") = "RT.PostBuild", "RT.PostBuild\RT.PostBuild.csproj", "{66FFAA2C-F727-4732-8709-A3D807A569A4}"
EndProject
Project("{9A19103F-16F7-4668-BE54-9A1E7A4F7556}") = "RT.Json", "RT.Json\RT.Json.csproj", "{E2FC4A33-B56B-4D47-A6F9-89054E5F80AA}"
EndProject
Project("{9A19103F-16F7-4668-BE54-9A1E7A4F7556}") = "RT.Serialization", "RT.Serialization\RT.Serialization.csproj", "{2D52F4D3-167D-47C1-AB16-10F9649E8963}"
EndProject
Project("{9A19103F-16F7-4668-BE54-9A1E7A4F7556}") = "RT.Serialization.Xml", "RT.Serialization.Xml\RT.Serialization.Xml.csproj", "{6EE95158-7C70-4CCB-A0B8-E6BE033E9A32}"
EndProject
Project("{9A19103F-16F7-4668-BE54-9A1E7A4F7556}") = "RT.Serialization.Json", "RT.Serialization.Json\RT.Serialization.Json.csproj", "{B1C60B1A-E957-49B1-9A6D-90F7B16BEA77}"
EndProject
Project("{9A19103F-16F7-4668-BE54-9A1E7A4F7556}") = "RT.Serialization.Binary", "RT.Serialization.Binary\RT.Serialization.Binary.csproj", "{AFBDE5EC-10FB-458F-B2AB-21C4399D5FED}"
EndProject
Project("{2150E333-8FDC-42A3-9474-1A3956D46DE8}") = "Tests", "Tests", "{1A99F81E-98A2-4953-B9BE-0319D44DC0E3}"
EndProject
Project("{9A19103F-16F7-4668-BE54-9A1E7A4F7556}") = "RT.Json.Tests", "Tests\RT.Json.Tests\RT.Json.Tests.csproj", "{2CBE43A0-AE91-4C8E-B095-F27F6E000068}"
EndProject
Project("{9A19103F-16F7-4668-BE54-9A1E7A4F7556}") = "RT.Serialization.Tests", "Tests\RT.Serialization.Tests\RT.Serialization.Tests.csproj", "{80E648AC-5200-4F60-B0EA-4900A847D2A1}"
EndProject
Global
	GlobalSection(SolutionConfigurationPlatforms) = preSolution
		Debug|Any CPU = Debug|Any CPU
		DebugUnsafe|Any CPU = DebugUnsafe|Any CPU
		Release|Any CPU = Release|Any CPU
		ReleaseUnsafe|Any CPU = ReleaseUnsafe|Any CPU
	EndGlobalSection
	GlobalSection(ProjectConfigurationPlatforms) = postSolution
		{8D0FE79C-AD8D-475C-9E6F-9CAE85365B5D}.Debug|Any CPU.ActiveCfg = Debug|Any CPU
		{8D0FE79C-AD8D-475C-9E6F-9CAE85365B5D}.Debug|Any CPU.Build.0 = Debug|Any CPU
		{8D0FE79C-AD8D-475C-9E6F-9CAE85365B5D}.DebugUnsafe|Any CPU.ActiveCfg = DebugUnsafe|Any CPU
		{8D0FE79C-AD8D-475C-9E6F-9CAE85365B5D}.DebugUnsafe|Any CPU.Build.0 = DebugUnsafe|Any CPU
		{8D0FE79C-AD8D-475C-9E6F-9CAE85365B5D}.Release|Any CPU.ActiveCfg = Release|Any CPU
		{8D0FE79C-AD8D-475C-9E6F-9CAE85365B5D}.Release|Any CPU.Build.0 = Release|Any CPU
		{8D0FE79C-AD8D-475C-9E6F-9CAE85365B5D}.ReleaseUnsafe|Any CPU.ActiveCfg = ReleaseUnsafe|Any CPU
		{8D0FE79C-AD8D-475C-9E6F-9CAE85365B5D}.ReleaseUnsafe|Any CPU.Build.0 = ReleaseUnsafe|Any CPU
		{98AF4286-D1A7-4753-B405-24DB585D713C}.Debug|Any CPU.ActiveCfg = Debug|Any CPU
		{98AF4286-D1A7-4753-B405-24DB585D713C}.Debug|Any CPU.Build.0 = Debug|Any CPU
		{98AF4286-D1A7-4753-B405-24DB585D713C}.DebugUnsafe|Any CPU.ActiveCfg = Debug|Any CPU
		{98AF4286-D1A7-4753-B405-24DB585D713C}.DebugUnsafe|Any CPU.Build.0 = Debug|Any CPU
		{98AF4286-D1A7-4753-B405-24DB585D713C}.Release|Any CPU.ActiveCfg = Release|Any CPU
		{98AF4286-D1A7-4753-B405-24DB585D713C}.Release|Any CPU.Build.0 = Release|Any CPU
		{98AF4286-D1A7-4753-B405-24DB585D713C}.ReleaseUnsafe|Any CPU.ActiveCfg = Release|Any CPU
		{98AF4286-D1A7-4753-B405-24DB585D713C}.ReleaseUnsafe|Any CPU.Build.0 = Release|Any CPU
		{275ECB9D-F75E-45F8-BB34-AD122589D2CC}.Debug|Any CPU.ActiveCfg = Debug|Any CPU
		{275ECB9D-F75E-45F8-BB34-AD122589D2CC}.Debug|Any CPU.Build.0 = Debug|Any CPU
		{275ECB9D-F75E-45F8-BB34-AD122589D2CC}.DebugUnsafe|Any CPU.ActiveCfg = Debug|Any CPU
		{275ECB9D-F75E-45F8-BB34-AD122589D2CC}.DebugUnsafe|Any CPU.Build.0 = Debug|Any CPU
		{275ECB9D-F75E-45F8-BB34-AD122589D2CC}.Release|Any CPU.ActiveCfg = Release|Any CPU
		{275ECB9D-F75E-45F8-BB34-AD122589D2CC}.Release|Any CPU.Build.0 = Release|Any CPU
		{275ECB9D-F75E-45F8-BB34-AD122589D2CC}.ReleaseUnsafe|Any CPU.ActiveCfg = Release|Any CPU
		{275ECB9D-F75E-45F8-BB34-AD122589D2CC}.ReleaseUnsafe|Any CPU.Build.0 = Release|Any CPU
		{66FFAA2C-F727-4732-8709-A3D807A569A4}.Debug|Any CPU.ActiveCfg = Debug|Any CPU
		{66FFAA2C-F727-4732-8709-A3D807A569A4}.Debug|Any CPU.Build.0 = Debug|Any CPU
		{66FFAA2C-F727-4732-8709-A3D807A569A4}.DebugUnsafe|Any CPU.ActiveCfg = Debug|Any CPU
		{66FFAA2C-F727-4732-8709-A3D807A569A4}.DebugUnsafe|Any CPU.Build.0 = Debug|Any CPU
		{66FFAA2C-F727-4732-8709-A3D807A569A4}.Release|Any CPU.ActiveCfg = Release|Any CPU
		{66FFAA2C-F727-4732-8709-A3D807A569A4}.Release|Any CPU.Build.0 = Release|Any CPU
		{66FFAA2C-F727-4732-8709-A3D807A569A4}.ReleaseUnsafe|Any CPU.ActiveCfg = Release|Any CPU
		{66FFAA2C-F727-4732-8709-A3D807A569A4}.ReleaseUnsafe|Any CPU.Build.0 = Release|Any CPU
		{2D52F4D3-167D-47C1-AB16-10F9649E8963}.Debug|Any CPU.ActiveCfg = Debug|Any CPU
		{2D52F4D3-167D-47C1-AB16-10F9649E8963}.Debug|Any CPU.Build.0 = Debug|Any CPU
		{2D52F4D3-167D-47C1-AB16-10F9649E8963}.DebugUnsafe|Any CPU.ActiveCfg = Debug|Any CPU
		{2D52F4D3-167D-47C1-AB16-10F9649E8963}.DebugUnsafe|Any CPU.Build.0 = Debug|Any CPU
		{2D52F4D3-167D-47C1-AB16-10F9649E8963}.Release|Any CPU.ActiveCfg = Release|Any CPU
		{2D52F4D3-167D-47C1-AB16-10F9649E8963}.Release|Any CPU.Build.0 = Release|Any CPU
		{2D52F4D3-167D-47C1-AB16-10F9649E8963}.ReleaseUnsafe|Any CPU.ActiveCfg = Release|Any CPU
		{2D52F4D3-167D-47C1-AB16-10F9649E8963}.ReleaseUnsafe|Any CPU.Build.0 = Release|Any CPU
		{6EE95158-7C70-4CCB-A0B8-E6BE033E9A32}.Debug|Any CPU.ActiveCfg = Debug|Any CPU
		{6EE95158-7C70-4CCB-A0B8-E6BE033E9A32}.Debug|Any CPU.Build.0 = Debug|Any CPU
		{6EE95158-7C70-4CCB-A0B8-E6BE033E9A32}.DebugUnsafe|Any CPU.ActiveCfg = Debug|Any CPU
		{6EE95158-7C70-4CCB-A0B8-E6BE033E9A32}.DebugUnsafe|Any CPU.Build.0 = Debug|Any CPU
		{6EE95158-7C70-4CCB-A0B8-E6BE033E9A32}.Release|Any CPU.ActiveCfg = Release|Any CPU
		{6EE95158-7C70-4CCB-A0B8-E6BE033E9A32}.Release|Any CPU.Build.0 = Release|Any CPU
		{6EE95158-7C70-4CCB-A0B8-E6BE033E9A32}.ReleaseUnsafe|Any CPU.ActiveCfg = Release|Any CPU
		{6EE95158-7C70-4CCB-A0B8-E6BE033E9A32}.ReleaseUnsafe|Any CPU.Build.0 = Release|Any CPU
		{E2FC4A33-B56B-4D47-A6F9-89054E5F80AA}.Debug|Any CPU.ActiveCfg = Debug|Any CPU
		{E2FC4A33-B56B-4D47-A6F9-89054E5F80AA}.Debug|Any CPU.Build.0 = Debug|Any CPU
		{E2FC4A33-B56B-4D47-A6F9-89054E5F80AA}.DebugUnsafe|Any CPU.ActiveCfg = Debug|Any CPU
		{E2FC4A33-B56B-4D47-A6F9-89054E5F80AA}.DebugUnsafe|Any CPU.Build.0 = Debug|Any CPU
		{E2FC4A33-B56B-4D47-A6F9-89054E5F80AA}.Release|Any CPU.ActiveCfg = Release|Any CPU
		{E2FC4A33-B56B-4D47-A6F9-89054E5F80AA}.Release|Any CPU.Build.0 = Release|Any CPU
		{E2FC4A33-B56B-4D47-A6F9-89054E5F80AA}.ReleaseUnsafe|Any CPU.ActiveCfg = Release|Any CPU
		{E2FC4A33-B56B-4D47-A6F9-89054E5F80AA}.ReleaseUnsafe|Any CPU.Build.0 = Release|Any CPU
		{B1C60B1A-E957-49B1-9A6D-90F7B16BEA77}.Debug|Any CPU.ActiveCfg = Debug|Any CPU
		{B1C60B1A-E957-49B1-9A6D-90F7B16BEA77}.Debug|Any CPU.Build.0 = Debug|Any CPU
		{B1C60B1A-E957-49B1-9A6D-90F7B16BEA77}.DebugUnsafe|Any CPU.ActiveCfg = Debug|Any CPU
		{B1C60B1A-E957-49B1-9A6D-90F7B16BEA77}.DebugUnsafe|Any CPU.Build.0 = Debug|Any CPU
		{B1C60B1A-E957-49B1-9A6D-90F7B16BEA77}.Release|Any CPU.ActiveCfg = Release|Any CPU
		{B1C60B1A-E957-49B1-9A6D-90F7B16BEA77}.Release|Any CPU.Build.0 = Release|Any CPU
		{B1C60B1A-E957-49B1-9A6D-90F7B16BEA77}.ReleaseUnsafe|Any CPU.ActiveCfg = Release|Any CPU
		{B1C60B1A-E957-49B1-9A6D-90F7B16BEA77}.ReleaseUnsafe|Any CPU.Build.0 = Release|Any CPU
		{AFBDE5EC-10FB-458F-B2AB-21C4399D5FED}.Debug|Any CPU.ActiveCfg = Debug|Any CPU
		{AFBDE5EC-10FB-458F-B2AB-21C4399D5FED}.Debug|Any CPU.Build.0 = Debug|Any CPU
		{AFBDE5EC-10FB-458F-B2AB-21C4399D5FED}.DebugUnsafe|Any CPU.ActiveCfg = Debug|Any CPU
		{AFBDE5EC-10FB-458F-B2AB-21C4399D5FED}.DebugUnsafe|Any CPU.Build.0 = Debug|Any CPU
		{AFBDE5EC-10FB-458F-B2AB-21C4399D5FED}.Release|Any CPU.ActiveCfg = Release|Any CPU
		{AFBDE5EC-10FB-458F-B2AB-21C4399D5FED}.Release|Any CPU.Build.0 = Release|Any CPU
		{AFBDE5EC-10FB-458F-B2AB-21C4399D5FED}.ReleaseUnsafe|Any CPU.ActiveCfg = Release|Any CPU
		{AFBDE5EC-10FB-458F-B2AB-21C4399D5FED}.ReleaseUnsafe|Any CPU.Build.0 = Release|Any CPU
		{2CBE43A0-AE91-4C8E-B095-F27F6E000068}.Debug|Any CPU.ActiveCfg = Debug|Any CPU
		{2CBE43A0-AE91-4C8E-B095-F27F6E000068}.Debug|Any CPU.Build.0 = Debug|Any CPU
		{2CBE43A0-AE91-4C8E-B095-F27F6E000068}.DebugUnsafe|Any CPU.ActiveCfg = Debug|Any CPU
		{2CBE43A0-AE91-4C8E-B095-F27F6E000068}.DebugUnsafe|Any CPU.Build.0 = Debug|Any CPU
		{2CBE43A0-AE91-4C8E-B095-F27F6E000068}.Release|Any CPU.ActiveCfg = Release|Any CPU
		{2CBE43A0-AE91-4C8E-B095-F27F6E000068}.Release|Any CPU.Build.0 = Release|Any CPU
		{2CBE43A0-AE91-4C8E-B095-F27F6E000068}.ReleaseUnsafe|Any CPU.ActiveCfg = Release|Any CPU
		{2CBE43A0-AE91-4C8E-B095-F27F6E000068}.ReleaseUnsafe|Any CPU.Build.0 = Release|Any CPU
		{80E648AC-5200-4F60-B0EA-4900A847D2A1}.Debug|Any CPU.ActiveCfg = Debug|Any CPU
		{80E648AC-5200-4F60-B0EA-4900A847D2A1}.Debug|Any CPU.Build.0 = Debug|Any CPU
		{80E648AC-5200-4F60-B0EA-4900A847D2A1}.DebugUnsafe|Any CPU.ActiveCfg = Debug|Any CPU
		{80E648AC-5200-4F60-B0EA-4900A847D2A1}.DebugUnsafe|Any CPU.Build.0 = Debug|Any CPU
		{80E648AC-5200-4F60-B0EA-4900A847D2A1}.Release|Any CPU.ActiveCfg = Release|Any CPU
		{80E648AC-5200-4F60-B0EA-4900A847D2A1}.Release|Any CPU.Build.0 = Release|Any CPU
		{80E648AC-5200-4F60-B0EA-4900A847D2A1}.ReleaseUnsafe|Any CPU.ActiveCfg = Release|Any CPU
		{80E648AC-5200-4F60-B0EA-4900A847D2A1}.ReleaseUnsafe|Any CPU.Build.0 = Release|Any CPU
	EndGlobalSection
	GlobalSection(SolutionProperties) = preSolution
		HideSolutionNode = FALSE
	EndGlobalSection
	GlobalSection(NestedProjects) = preSolution
		{98AF4286-D1A7-4753-B405-24DB585D713C} = {1A99F81E-98A2-4953-B9BE-0319D44DC0E3}
		{2CBE43A0-AE91-4C8E-B095-F27F6E000068} = {1A99F81E-98A2-4953-B9BE-0319D44DC0E3}
		{80E648AC-5200-4F60-B0EA-4900A847D2A1} = {1A99F81E-98A2-4953-B9BE-0319D44DC0E3}
	EndGlobalSection
	GlobalSection(ExtensibilityGlobals) = postSolution
		SolutionGuid = {68DAEDDF-02A0-4831-8894-E35CF959461F}
	EndGlobalSection
EndGlobal
