Microsoft Visual Studio Solution File, Format Version 12.00
# Visual Studio Version 17
VisualStudioVersion = 17.8.34330.188
MinimumVisualStudioVersion = 10.0.40219.1
Project("{9A19103F-16F7-4668-BE54-9A1E7A4F7556}") = "RT.Util", "RT.Util\RT.Util.csproj", "{D28BEEE2-3B47-433A-9CE0-E824DCFD4F82}"
EndProject
Project("{9A19103F-16F7-4668-BE54-9A1E7A4F7556}") = "RT.Util.Core", "RT.Util.Core\RT.Util.Core.csproj", "{8D0FE79C-AD8D-475C-9E6F-9CAE85365B5D}"
EndProject
Project("{9A19103F-16F7-4668-BE54-9A1E7A4F7556}") = "RT.Util.Core.Tests", "Tests\RT.Util.Core.Tests\RT.Util.Core.Tests.csproj", "{98AF4286-D1A7-4753-B405-24DB585D713C}"
EndProject
Project("{9A19103F-16F7-4668-BE54-9A1E7A4F7556}") = "RT.Util.Legacy", "RT.Util.Legacy\RT.Util.Legacy.csproj", "{2877B08A-DA03-4D41-847F-9F32738B5F90}"
EndProject
Project("{9A19103F-16F7-4668-BE54-9A1E7A4F7556}") = "RT.Util.Legacy.Tests", "Tests\RT.Util.Legacy.Tests\RT.Util.Legacy.Tests.csproj", "{00995284-455E-40EF-A4DD-7D7B8C7FF55A}"
EndProject
Project("{9A19103F-16F7-4668-BE54-9A1E7A4F7556}") = "RT.PostBuild", "RT.PostBuild\RT.PostBuild.csproj", "{66FFAA2C-F727-4732-8709-A3D807A569A4}"
EndProject
Project("{9A19103F-16F7-4668-BE54-9A1E7A4F7556}") = "RT.Json", "RT.Json\RT.Json.csproj", "{E2FC4A33-B56B-4D47-A6F9-89054E5F80AA}"
EndProject
Project("{9A19103F-16F7-4668-BE54-9A1E7A4F7556}") = "RT.Json.Tests", "Tests\RT.Json.Tests\RT.Json.Tests.csproj", "{2CBE43A0-AE91-4C8E-B095-F27F6E000068}"
EndProject
Project("{9A19103F-16F7-4668-BE54-9A1E7A4F7556}") = "RT.Serialization", "RT.Serialization\RT.Serialization.csproj", "{2D52F4D3-167D-47C1-AB16-10F9649E8963}"
EndProject
Project("{9A19103F-16F7-4668-BE54-9A1E7A4F7556}") = "RT.Serialization.Xml", "RT.Serialization.Xml\RT.Serialization.Xml.csproj", "{6EE95158-7C70-4CCB-A0B8-E6BE033E9A32}"
EndProject
Project("{9A19103F-16F7-4668-BE54-9A1E7A4F7556}") = "RT.Serialization.Json", "RT.Serialization.Json\RT.Serialization.Json.csproj", "{B1C60B1A-E957-49B1-9A6D-90F7B16BEA77}"
EndProject
Project("{9A19103F-16F7-4668-BE54-9A1E7A4F7556}") = "RT.Serialization.Binary", "RT.Serialization.Binary\RT.Serialization.Binary.csproj", "{AFBDE5EC-10FB-458F-B2AB-21C4399D5FED}"
EndProject
Project("{9A19103F-16F7-4668-BE54-9A1E7A4F7556}") = "RT.Serialization.Tests", "Tests\RT.Serialization.Tests\RT.Serialization.Tests.csproj", "{80E648AC-5200-4F60-B0EA-4900A847D2A1}"
EndProject
Project("{2150E333-8FDC-42A3-9474-1A3956D46DE8}") = "Tests", "Tests", "{1A99F81E-98A2-4953-B9BE-0319D44DC0E3}"
EndProject
Project("{9A19103F-16F7-4668-BE54-9A1E7A4F7556}") = "RT.Lingo", "RT.Lingo\RT.Lingo.csproj", "{474712DF-5BFA-4681-A7C9-B01760D74302}"
EndProject
Project("{9A19103F-16F7-4668-BE54-9A1E7A4F7556}") = "RT.Lingo.Base", "RT.Lingo.Base\RT.Lingo.Base.csproj", "{D3C77260-E0A6-4F25-8245-8D77C56F4147}"
EndProject
Project("{FAE04EC0-301F-11D3-BF4B-00C04F79EFBC}") = "RT.Geometry", "RT.Geometry\RT.Geometry.csproj", "{FBFA57D9-52B0-A080-0536-D94C9CA30BAD}"
EndProject
Project("{FAE04EC0-301F-11D3-BF4B-00C04F79EFBC}") = "RT.Geometry.Tests", "Tests\RT.Geometry.Tests\RT.Geometry.Tests.csproj", "{14DAD6BF-900A-6E2B-923A-6C488FD6A8DA}"
EndProject
Global
	GlobalSection(SolutionConfigurationPlatforms) = preSolution
		Debug|Any CPU = Debug|Any CPU
		Release|Any CPU = Release|Any CPU
	EndGlobalSection
	GlobalSection(ProjectConfigurationPlatforms) = postSolution
		{D28BEEE2-3B47-433A-9CE0-E824DCFD4F82}.Debug|Any CPU.ActiveCfg = Debug|Any CPU
		{D28BEEE2-3B47-433A-9CE0-E824DCFD4F82}.Debug|Any CPU.Build.0 = Debug|Any CPU
		{D28BEEE2-3B47-433A-9CE0-E824DCFD4F82}.Release|Any CPU.ActiveCfg = Release|Any CPU
		{D28BEEE2-3B47-433A-9CE0-E824DCFD4F82}.Release|Any CPU.Build.0 = Release|Any CPU
		{8D0FE79C-AD8D-475C-9E6F-9CAE85365B5D}.Debug|Any CPU.ActiveCfg = Debug|Any CPU
		{8D0FE79C-AD8D-475C-9E6F-9CAE85365B5D}.Debug|Any CPU.Build.0 = Debug|Any CPU
		{8D0FE79C-AD8D-475C-9E6F-9CAE85365B5D}.Release|Any CPU.ActiveCfg = Release|Any CPU
		{8D0FE79C-AD8D-475C-9E6F-9CAE85365B5D}.Release|Any CPU.Build.0 = Release|Any CPU
		{98AF4286-D1A7-4753-B405-24DB585D713C}.Debug|Any CPU.ActiveCfg = Debug|Any CPU
		{98AF4286-D1A7-4753-B405-24DB585D713C}.Debug|Any CPU.Build.0 = Debug|Any CPU
		{98AF4286-D1A7-4753-B405-24DB585D713C}.Release|Any CPU.ActiveCfg = Release|Any CPU
		{98AF4286-D1A7-4753-B405-24DB585D713C}.Release|Any CPU.Build.0 = Release|Any CPU
		{2877B08A-DA03-4D41-847F-9F32738B5F90}.Debug|Any CPU.ActiveCfg = Debug|Any CPU
		{2877B08A-DA03-4D41-847F-9F32738B5F90}.Debug|Any CPU.Build.0 = Debug|Any CPU
		{2877B08A-DA03-4D41-847F-9F32738B5F90}.Release|Any CPU.ActiveCfg = Release|Any CPU
		{2877B08A-DA03-4D41-847F-9F32738B5F90}.Release|Any CPU.Build.0 = Release|Any CPU
		{00995284-455E-40EF-A4DD-7D7B8C7FF55A}.Debug|Any CPU.ActiveCfg = Debug|Any CPU
		{00995284-455E-40EF-A4DD-7D7B8C7FF55A}.Debug|Any CPU.Build.0 = Debug|Any CPU
		{00995284-455E-40EF-A4DD-7D7B8C7FF55A}.Release|Any CPU.ActiveCfg = Release|Any CPU
		{00995284-455E-40EF-A4DD-7D7B8C7FF55A}.Release|Any CPU.Build.0 = Release|Any CPU
		{66FFAA2C-F727-4732-8709-A3D807A569A4}.Debug|Any CPU.ActiveCfg = Debug|Any CPU
		{66FFAA2C-F727-4732-8709-A3D807A569A4}.Debug|Any CPU.Build.0 = Debug|Any CPU
		{66FFAA2C-F727-4732-8709-A3D807A569A4}.Release|Any CPU.ActiveCfg = Release|Any CPU
		{66FFAA2C-F727-4732-8709-A3D807A569A4}.Release|Any CPU.Build.0 = Release|Any CPU
		{E2FC4A33-B56B-4D47-A6F9-89054E5F80AA}.Debug|Any CPU.ActiveCfg = Debug|Any CPU
		{E2FC4A33-B56B-4D47-A6F9-89054E5F80AA}.Debug|Any CPU.Build.0 = Debug|Any CPU
		{E2FC4A33-B56B-4D47-A6F9-89054E5F80AA}.Release|Any CPU.ActiveCfg = Release|Any CPU
		{E2FC4A33-B56B-4D47-A6F9-89054E5F80AA}.Release|Any CPU.Build.0 = Release|Any CPU
		{2CBE43A0-AE91-4C8E-B095-F27F6E000068}.Debug|Any CPU.ActiveCfg = Debug|Any CPU
		{2CBE43A0-AE91-4C8E-B095-F27F6E000068}.Debug|Any CPU.Build.0 = Debug|Any CPU
		{2CBE43A0-AE91-4C8E-B095-F27F6E000068}.Release|Any CPU.ActiveCfg = Release|Any CPU
		{2CBE43A0-AE91-4C8E-B095-F27F6E000068}.Release|Any CPU.Build.0 = Release|Any CPU
		{2D52F4D3-167D-47C1-AB16-10F9649E8963}.Debug|Any CPU.ActiveCfg = Debug|Any CPU
		{2D52F4D3-167D-47C1-AB16-10F9649E8963}.Debug|Any CPU.Build.0 = Debug|Any CPU
		{2D52F4D3-167D-47C1-AB16-10F9649E8963}.Release|Any CPU.ActiveCfg = Release|Any CPU
		{2D52F4D3-167D-47C1-AB16-10F9649E8963}.Release|Any CPU.Build.0 = Release|Any CPU
		{6EE95158-7C70-4CCB-A0B8-E6BE033E9A32}.Debug|Any CPU.ActiveCfg = Debug|Any CPU
		{6EE95158-7C70-4CCB-A0B8-E6BE033E9A32}.Debug|Any CPU.Build.0 = Debug|Any CPU
		{6EE95158-7C70-4CCB-A0B8-E6BE033E9A32}.Release|Any CPU.ActiveCfg = Release|Any CPU
		{6EE95158-7C70-4CCB-A0B8-E6BE033E9A32}.Release|Any CPU.Build.0 = Release|Any CPU
		{B1C60B1A-E957-49B1-9A6D-90F7B16BEA77}.Debug|Any CPU.ActiveCfg = Debug|Any CPU
		{B1C60B1A-E957-49B1-9A6D-90F7B16BEA77}.Debug|Any CPU.Build.0 = Debug|Any CPU
		{B1C60B1A-E957-49B1-9A6D-90F7B16BEA77}.Release|Any CPU.ActiveCfg = Release|Any CPU
		{B1C60B1A-E957-49B1-9A6D-90F7B16BEA77}.Release|Any CPU.Build.0 = Release|Any CPU
		{AFBDE5EC-10FB-458F-B2AB-21C4399D5FED}.Debug|Any CPU.ActiveCfg = Debug|Any CPU
		{AFBDE5EC-10FB-458F-B2AB-21C4399D5FED}.Debug|Any CPU.Build.0 = Debug|Any CPU
		{AFBDE5EC-10FB-458F-B2AB-21C4399D5FED}.Release|Any CPU.ActiveCfg = Release|Any CPU
		{AFBDE5EC-10FB-458F-B2AB-21C4399D5FED}.Release|Any CPU.Build.0 = Release|Any CPU
		{80E648AC-5200-4F60-B0EA-4900A847D2A1}.Debug|Any CPU.ActiveCfg = Debug|Any CPU
		{80E648AC-5200-4F60-B0EA-4900A847D2A1}.Debug|Any CPU.Build.0 = Debug|Any CPU
		{80E648AC-5200-4F60-B0EA-4900A847D2A1}.Release|Any CPU.ActiveCfg = Release|Any CPU
		{80E648AC-5200-4F60-B0EA-4900A847D2A1}.Release|Any CPU.Build.0 = Release|Any CPU
		{474712DF-5BFA-4681-A7C9-B01760D74302}.Debug|Any CPU.ActiveCfg = Debug|Any CPU
		{474712DF-5BFA-4681-A7C9-B01760D74302}.Debug|Any CPU.Build.0 = Debug|Any CPU
		{474712DF-5BFA-4681-A7C9-B01760D74302}.Release|Any CPU.ActiveCfg = Release|Any CPU
		{474712DF-5BFA-4681-A7C9-B01760D74302}.Release|Any CPU.Build.0 = Release|Any CPU
		{D3C77260-E0A6-4F25-8245-8D77C56F4147}.Debug|Any CPU.ActiveCfg = Debug|Any CPU
		{D3C77260-E0A6-4F25-8245-8D77C56F4147}.Debug|Any CPU.Build.0 = Debug|Any CPU
		{D3C77260-E0A6-4F25-8245-8D77C56F4147}.Release|Any CPU.ActiveCfg = Release|Any CPU
		{D3C77260-E0A6-4F25-8245-8D77C56F4147}.Release|Any CPU.Build.0 = Release|Any CPU
		{FBFA57D9-52B0-A080-0536-D94C9CA30BAD}.Debug|Any CPU.ActiveCfg = Debug|Any CPU
		{FBFA57D9-52B0-A080-0536-D94C9CA30BAD}.Debug|Any CPU.Build.0 = Debug|Any CPU
		{FBFA57D9-52B0-A080-0536-D94C9CA30BAD}.Release|Any CPU.ActiveCfg = Release|Any CPU
		{FBFA57D9-52B0-A080-0536-D94C9CA30BAD}.Release|Any CPU.Build.0 = Release|Any CPU
		{14DAD6BF-900A-6E2B-923A-6C488FD6A8DA}.Debug|Any CPU.ActiveCfg = Debug|Any CPU
		{14DAD6BF-900A-6E2B-923A-6C488FD6A8DA}.Debug|Any CPU.Build.0 = Debug|Any CPU
		{14DAD6BF-900A-6E2B-923A-6C488FD6A8DA}.Release|Any CPU.ActiveCfg = Release|Any CPU
		{14DAD6BF-900A-6E2B-923A-6C488FD6A8DA}.Release|Any CPU.Build.0 = Release|Any CPU
	EndGlobalSection
	GlobalSection(SolutionProperties) = preSolution
		HideSolutionNode = FALSE
	EndGlobalSection
	GlobalSection(NestedProjects) = preSolution
		{98AF4286-D1A7-4753-B405-24DB585D713C} = {1A99F81E-98A2-4953-B9BE-0319D44DC0E3}
		{00995284-455E-40EF-A4DD-7D7B8C7FF55A} = {1A99F81E-98A2-4953-B9BE-0319D44DC0E3}
		{2CBE43A0-AE91-4C8E-B095-F27F6E000068} = {1A99F81E-98A2-4953-B9BE-0319D44DC0E3}
		{80E648AC-5200-4F60-B0EA-4900A847D2A1} = {1A99F81E-98A2-4953-B9BE-0319D44DC0E3}
		{14DAD6BF-900A-6E2B-923A-6C488FD6A8DA} = {1A99F81E-98A2-4953-B9BE-0319D44DC0E3}
	EndGlobalSection
	GlobalSection(ExtensibilityGlobals) = postSolution
		SolutionGuid = {68DAEDDF-02A0-4831-8894-E35CF959461F}
	EndGlobalSection
EndGlobal
